
Microsoft Visual Studio Solution File, Format Version 12.00
# Visual Studio Version 17
VisualStudioVersion = 17.7.34009.444
MinimumVisualStudioVersion = 10.0.40219.1
Project("{FAE04EC0-301F-11D3-BF4B-00C04F79EFBC}") = "QLQuanAo", "QLQuanAo.csproj", "{DB0DB47E-F9BA-4809-B035-C9416986437E}"
EndProject
Global
	GlobalSection(SolutionConfigurationPlatforms) = preSolution
		Debug|Any CPU = Debug|Any CPU
		Release|Any CPU = Release|Any CPU
	EndGlobalSection
	GlobalSection(ProjectConfigurationPlatforms) = postSolution
		{DB0DB47E-F9BA-4809-B035-C9416986437E}.Debug|Any CPU.ActiveCfg = Debug|Any CPU
		{DB0DB47E-F9BA-4809-B035-C9416986437E}.Debug|Any CPU.Build.0 = Debug|Any CPU
		{DB0DB47E-F9BA-4809-B035-C9416986437E}.Release|Any CPU.ActiveCfg = Release|Any CPU
		{DB0DB47E-F9BA-4809-B035-C9416986437E}.Release|Any CPU.Build.0 = Release|Any CPU
	EndGlobalSection
	GlobalSection(SolutionProperties) = preSolution
		HideSolutionNode = FALSE
	EndGlobalSection
	GlobalSection(ExtensibilityGlobals) = postSolution
		SolutionGuid = {972C7B8D-B2C5-4C97-B9F7-F0BE8EC53301}
	EndGlobalSection
EndGlobal
